
Microsoft Visual Studio Solution File, Format Version 12.00
# Visual Studio Version 17
VisualStudioVersion = 17.0.31903.59
MinimumVisualStudioVersion = 10.0.40219.1
Project("{FAE04EC0-301F-11D3-BF4B-00C04F79EFBC}") = "ZorUI.Core", "src\ZorUI.Core\ZorUI.Core.csproj", "{A1B2C3D4-E5F6-4A5B-8C9D-1E2F3A4B5C6D}"
EndProject
Project("{FAE04EC0-301F-11D3-BF4B-00C04F79EFBC}") = "ZorUI.Rendering", "src\ZorUI.Rendering\ZorUI.Rendering.csproj", "{B2C3D4E5-F6A7-4B5C-9D1E-2F3A4B5C6D7E}"
EndProject
Project("{FAE04EC0-301F-11D3-BF4B-00C04F79EFBC}") = "ZorUI.Styling", "src\ZorUI.Styling\ZorUI.Styling.csproj", "{C3D4E5F6-A7B8-4C5D-9E1F-3A4B5C6D7E8F}"
EndProject
Project("{FAE04EC0-301F-11D3-BF4B-00C04F79EFBC}") = "ZorUI.Components", "src\ZorUI.Components\ZorUI.Components.csproj", "{D4E5F6A7-B8C9-4D5E-9F1A-4B5C6D7E8F9A}"
EndProject
Project("{FAE04EC0-301F-11D3-BF4B-00C04F79EFBC}") = "BasicApp", "samples\BasicApp\BasicApp.csproj", "{E5F6A7B8-C9D1-4E5F-9A1B-5C6D7E8F9A0B}"
EndProject
Project("{FAE04EC0-301F-11D3-BF4B-00C04F79EFBC}") = "ComponentGallery", "samples\ComponentGallery\ComponentGallery.csproj", "{F6A7B8C9-D1E2-4F5A-9B1C-6D7E8F9A0B1C}"
EndProject
Project("{FAE04EC0-301F-11D3-BF4B-00C04F79EFBC}") = "ZorUI.Rendering.Skia", "src\ZorUI.Rendering.Skia\ZorUI.Rendering.Skia.csproj", "{A7B8C9D1-E2F3-4A5B-9C1D-7E8F9A0B1C2D}"
EndProject
Project("{FAE04EC0-301F-11D3-BF4B-00C04F79EFBC}") = "DesktopApp", "samples\DesktopApp\DesktopApp.csproj", "{B8C9D1E2-F3A4-4B5C-9D1E-8F9A0B1C2D3E}"
EndProject
Project("{FAE04EC0-301F-11D3-BF4B-00C04F79EFBC}") = "ZorUI.CLI", "src\ZorUI.CLI\ZorUI.CLI.csproj", "{C9D1E2F3-A4B5-4C5D-9E1F-9A0B1C2D3E4F}"
EndProject
Global
	GlobalSection(SolutionConfigurationPlatforms) = preSolution
		Debug|Any CPU = Debug|Any CPU
		Release|Any CPU = Release|Any CPU
	EndGlobalSection
	GlobalSection(ProjectConfigurationPlatforms) = postSolution
		{A1B2C3D4-E5F6-4A5B-8C9D-1E2F3A4B5C6D}.Debug|Any CPU.ActiveCfg = Debug|Any CPU
		{A1B2C3D4-E5F6-4A5B-8C9D-1E2F3A4B5C6D}.Debug|Any CPU.Build.0 = Debug|Any CPU
		{A1B2C3D4-E5F6-4A5B-8C9D-1E2F3A4B5C6D}.Release|Any CPU.ActiveCfg = Release|Any CPU
		{A1B2C3D4-E5F6-4A5B-8C9D-1E2F3A4B5C6D}.Release|Any CPU.Build.0 = Release|Any CPU
		{B2C3D4E5-F6A7-4B5C-9D1E-2F3A4B5C6D7E}.Debug|Any CPU.ActiveCfg = Debug|Any CPU
		{B2C3D4E5-F6A7-4B5C-9D1E-2F3A4B5C6D7E}.Debug|Any CPU.Build.0 = Debug|Any CPU
		{B2C3D4E5-F6A7-4B5C-9D1E-2F3A4B5C6D7E}.Release|Any CPU.ActiveCfg = Release|Any CPU
		{B2C3D4E5-F6A7-4B5C-9D1E-2F3A4B5C6D7E}.Release|Any CPU.Build.0 = Release|Any CPU
		{C3D4E5F6-A7B8-4C5D-9E1F-3A4B5C6D7E8F}.Debug|Any CPU.ActiveCfg = Debug|Any CPU
		{C3D4E5F6-A7B8-4C5D-9E1F-3A4B5C6D7E8F}.Debug|Any CPU.Build.0 = Debug|Any CPU
		{C3D4E5F6-A7B8-4C5D-9E1F-3A4B5C6D7E8F}.Release|Any CPU.ActiveCfg = Release|Any CPU
		{C3D4E5F6-A7B8-4C5D-9E1F-3A4B5C6D7E8F}.Release|Any CPU.Build.0 = Release|Any CPU
		{D4E5F6A7-B8C9-4D5E-9F1A-4B5C6D7E8F9A}.Debug|Any CPU.ActiveCfg = Debug|Any CPU
		{D4E5F6A7-B8C9-4D5E-9F1A-4B5C6D7E8F9A}.Debug|Any CPU.Build.0 = Debug|Any CPU
		{D4E5F6A7-B8C9-4D5E-9F1A-4B5C6D7E8F9A}.Release|Any CPU.ActiveCfg = Release|Any CPU
		{D4E5F6A7-B8C9-4D5E-9F1A-4B5C6D7E8F9A}.Release|Any CPU.Build.0 = Release|Any CPU
		{E5F6A7B8-C9D1-4E5F-9A1B-5C6D7E8F9A0B}.Debug|Any CPU.ActiveCfg = Debug|Any CPU
		{E5F6A7B8-C9D1-4E5F-9A1B-5C6D7E8F9A0B}.Debug|Any CPU.Build.0 = Debug|Any CPU
		{E5F6A7B8-C9D1-4E5F-9A1B-5C6D7E8F9A0B}.Release|Any CPU.ActiveCfg = Release|Any CPU
		{E5F6A7B8-C9D1-4E5F-9A1B-5C6D7E8F9A0B}.Release|Any CPU.Build.0 = Release|Any CPU
		{F6A7B8C9-D1E2-4F5A-9B1C-6D7E8F9A0B1C}.Debug|Any CPU.ActiveCfg = Debug|Any CPU
		{F6A7B8C9-D1E2-4F5A-9B1C-6D7E8F9A0B1C}.Debug|Any CPU.Build.0 = Debug|Any CPU
		{F6A7B8C9-D1E2-4F5A-9B1C-6D7E8F9A0B1C}.Release|Any CPU.ActiveCfg = Release|Any CPU
		{F6A7B8C9-D1E2-4F5A-9B1C-6D7E8F9A0B1C}.Release|Any CPU.Build.0 = Release|Any CPU
		{A7B8C9D1-E2F3-4A5B-9C1D-7E8F9A0B1C2D}.Debug|Any CPU.ActiveCfg = Debug|Any CPU
		{A7B8C9D1-E2F3-4A5B-9C1D-7E8F9A0B1C2D}.Debug|Any CPU.Build.0 = Debug|Any CPU
		{A7B8C9D1-E2F3-4A5B-9C1D-7E8F9A0B1C2D}.Release|Any CPU.ActiveCfg = Release|Any CPU
		{A7B8C9D1-E2F3-4A5B-9C1D-7E8F9A0B1C2D}.Release|Any CPU.Build.0 = Release|Any CPU
		{B8C9D1E2-F3A4-4B5C-9D1E-8F9A0B1C2D3E}.Debug|Any CPU.ActiveCfg = Debug|Any CPU
		{B8C9D1E2-F3A4-4B5C-9D1E-8F9A0B1C2D3E}.Debug|Any CPU.Build.0 = Debug|Any CPU
		{B8C9D1E2-F3A4-4B5C-9D1E-8F9A0B1C2D3E}.Release|Any CPU.ActiveCfg = Release|Any CPU
		{B8C9D1E2-F3A4-4B5C-9D1E-8F9A0B1C2D3E}.Release|Any CPU.Build.0 = Release|Any CPU
		{C9D1E2F3-A4B5-4C5D-9E1F-9A0B1C2D3E4F}.Debug|Any CPU.ActiveCfg = Debug|Any CPU
		{C9D1E2F3-A4B5-4C5D-9E1F-9A0B1C2D3E4F}.Debug|Any CPU.Build.0 = Debug|Any CPU
		{C9D1E2F3-A4B5-4C5D-9E1F-9A0B1C2D3E4F}.Release|Any CPU.ActiveCfg = Release|Any CPU
		{C9D1E2F3-A4B5-4C5D-9E1F-9A0B1C2D3E4F}.Release|Any CPU.Build.0 = Release|Any CPU
	EndGlobalSection
EndGlobal
